
Microsoft Visual Studio Solution File, Format Version 12.00
# Visual Studio Version 17
VisualStudioVersion = 17.3.32819.101
MinimumVisualStudioVersion = 10.0.40219.1
Project("{FAE04EC0-301F-11D3-BF4B-00C04F79EFBC}") = "Radore-MVC-Project", "Radore-MVC-Project\Radore-MVC-Project.csproj", "{0C6F00F8-A13A-41E8-8B0F-61B2CA2FDFD7}"
EndProject
Global
	GlobalSection(SolutionConfigurationPlatforms) = preSolution
		Debug|Any CPU = Debug|Any CPU
		Release|Any CPU = Release|Any CPU
	EndGlobalSection
	GlobalSection(ProjectConfigurationPlatforms) = postSolution
		{0C6F00F8-A13A-41E8-8B0F-61B2CA2FDFD7}.Debug|Any CPU.ActiveCfg = Debug|Any CPU
		{0C6F00F8-A13A-41E8-8B0F-61B2CA2FDFD7}.Debug|Any CPU.Build.0 = Debug|Any CPU
		{0C6F00F8-A13A-41E8-8B0F-61B2CA2FDFD7}.Release|Any CPU.ActiveCfg = Release|Any CPU
		{0C6F00F8-A13A-41E8-8B0F-61B2CA2FDFD7}.Release|Any CPU.Build.0 = Release|Any CPU
	EndGlobalSection
	GlobalSection(SolutionProperties) = preSolution
		HideSolutionNode = FALSE
	EndGlobalSection
	GlobalSection(ExtensibilityGlobals) = postSolution
		SolutionGuid = {732BB485-070E-4CF6-B96B-1E529328A713}
	EndGlobalSection
EndGlobal
